
Microsoft Visual Studio Solution File, Format Version 12.00
# Visual Studio Version 17
VisualStudioVersion = 17.8.34330.188
MinimumVisualStudioVersion = 10.0.40219.1
Project("{FAE04EC0-301F-11D3-BF4B-00C04F79EFBC}") = "ToyStoreManagement", "ToyStoreManagement\ToyStoreManagement.csproj", "{23526748-2BBF-4A07-9FA9-6D6FD733D9B2}"
EndProject
Project("{FAE04EC0-301F-11D3-BF4B-00C04F79EFBC}") = "BusinessObjects", "BussinessObjects\BusinessObjects.csproj", "{6030FD20-82C5-4FFF-88C2-2C10C8B642D6}"
EndProject
Project("{FAE04EC0-301F-11D3-BF4B-00C04F79EFBC}") = "ToyStoreDao", "ToyStoreDao\ToyStoreDao.csproj", "{07D6BEDA-F57E-4548-99E9-159F9D418155}"
EndProject
Project("{FAE04EC0-301F-11D3-BF4B-00C04F79EFBC}") = "ToyStoreRepository", "ToyStoreRepository\ToyStoreRepository.csproj", "{63577123-8C34-450A-B30F-015D7AFA7430}"
EndProject
Project("{FAE04EC0-301F-11D3-BF4B-00C04F79EFBC}") = "ToyStoreService", "ToyStoreService\ToyStoreService.csproj", "{2A420FD1-34C8-455D-8952-DCD079188F84}"
EndProject
Global
	GlobalSection(SolutionConfigurationPlatforms) = preSolution
		Debug|Any CPU = Debug|Any CPU
		Release|Any CPU = Release|Any CPU
	EndGlobalSection
	GlobalSection(ProjectConfigurationPlatforms) = postSolution
		{23526748-2BBF-4A07-9FA9-6D6FD733D9B2}.Debug|Any CPU.ActiveCfg = Debug|Any CPU
		{23526748-2BBF-4A07-9FA9-6D6FD733D9B2}.Debug|Any CPU.Build.0 = Debug|Any CPU
		{23526748-2BBF-4A07-9FA9-6D6FD733D9B2}.Release|Any CPU.ActiveCfg = Release|Any CPU
		{23526748-2BBF-4A07-9FA9-6D6FD733D9B2}.Release|Any CPU.Build.0 = Release|Any CPU
		{6030FD20-82C5-4FFF-88C2-2C10C8B642D6}.Debug|Any CPU.ActiveCfg = Debug|Any CPU
		{6030FD20-82C5-4FFF-88C2-2C10C8B642D6}.Debug|Any CPU.Build.0 = Debug|Any CPU
		{6030FD20-82C5-4FFF-88C2-2C10C8B642D6}.Release|Any CPU.ActiveCfg = Release|Any CPU
		{6030FD20-82C5-4FFF-88C2-2C10C8B642D6}.Release|Any CPU.Build.0 = Release|Any CPU
		{07D6BEDA-F57E-4548-99E9-159F9D418155}.Debug|Any CPU.ActiveCfg = Debug|Any CPU
		{07D6BEDA-F57E-4548-99E9-159F9D418155}.Debug|Any CPU.Build.0 = Debug|Any CPU
		{07D6BEDA-F57E-4548-99E9-159F9D418155}.Release|Any CPU.ActiveCfg = Release|Any CPU
		{07D6BEDA-F57E-4548-99E9-159F9D418155}.Release|Any CPU.Build.0 = Release|Any CPU
		{63577123-8C34-450A-B30F-015D7AFA7430}.Debug|Any CPU.ActiveCfg = Debug|Any CPU
		{63577123-8C34-450A-B30F-015D7AFA7430}.Debug|Any CPU.Build.0 = Debug|Any CPU
		{63577123-8C34-450A-B30F-015D7AFA7430}.Release|Any CPU.ActiveCfg = Release|Any CPU
		{63577123-8C34-450A-B30F-015D7AFA7430}.Release|Any CPU.Build.0 = Release|Any CPU
		{2A420FD1-34C8-455D-8952-DCD079188F84}.Debug|Any CPU.ActiveCfg = Debug|Any CPU
		{2A420FD1-34C8-455D-8952-DCD079188F84}.Debug|Any CPU.Build.0 = Debug|Any CPU
		{2A420FD1-34C8-455D-8952-DCD079188F84}.Release|Any CPU.ActiveCfg = Release|Any CPU
		{2A420FD1-34C8-455D-8952-DCD079188F84}.Release|Any CPU.Build.0 = Release|Any CPU
	EndGlobalSection
	GlobalSection(SolutionProperties) = preSolution
		HideSolutionNode = FALSE
	EndGlobalSection
	GlobalSection(ExtensibilityGlobals) = postSolution
		SolutionGuid = {06F89C8A-8764-453F-A79D-066872715176}
	EndGlobalSection
EndGlobal
